// !$*UTF8*$!
{
	archiveVersion = 1;
	classes = {
	};
	objectVersion = 50;
	objects = {

/* Begin PBXBuildFile section */
		2D08B70E248A796A0077194C /* AppDelegate.swift in Sources */ = {isa = PBXBuildFile; fileRef = 2D08B70D248A796A0077194C /* AppDelegate.swift */; };
		2D08B710248A796A0077194C /* SceneDelegate.swift in Sources */ = {isa = PBXBuildFile; fileRef = 2D08B70F248A796A0077194C /* SceneDelegate.swift */; };
		2D08B712248A796A0077194C /* ViewController.swift in Sources */ = {isa = PBXBuildFile; fileRef = 2D08B711248A796A0077194C /* ViewController.swift */; };
		2D08B715248A796A0077194C /* Main.storyboard in Resources */ = {isa = PBXBuildFile; fileRef = 2D08B713248A796A0077194C /* Main.storyboard */; };
		2D08B717248A796C0077194C /* Assets.xcassets in Resources */ = {isa = PBXBuildFile; fileRef = 2D08B716248A796C0077194C /* Assets.xcassets */; };
		2D08B71A248A796C0077194C /* LaunchScreen.storyboard in Resources */ = {isa = PBXBuildFile; fileRef = 2D08B718248A796C0077194C /* LaunchScreen.storyboard */; };
		2D08B730248A796C0077194C /* FizzBuzzUITests.swift in Sources */ = {isa = PBXBuildFile; fileRef = 2D08B72F248A796C0077194C /* FizzBuzzUITests.swift */; };
		2D08B73E248A79D70077194C /* BrainTests.swift in Sources */ = {isa = PBXBuildFile; fileRef = 2D08B73D248A79D70077194C /* BrainTests.swift */; };
		2D08B740248A7A270077194C /* Brain.swift in Sources */ = {isa = PBXBuildFile; fileRef = 2D08B73F248A7A270077194C /* Brain.swift */; };
		2D08B742248A7D6D0077194C /* Game.swift in Sources */ = {isa = PBXBuildFile; fileRef = 2D08B741248A7D6D0077194C /* Game.swift */; };
		2D08B744248A7D7F0077194C /* GameTests.swift in Sources */ = {isa = PBXBuildFile; fileRef = 2D08B743248A7D7F0077194C /* GameTests.swift */; };
/* End PBXBuildFile section */

/* Begin PBXContainerItemProxy section */
		2D08B721248A796C0077194C /* PBXContainerItemProxy */ = {
			isa = PBXContainerItemProxy;
			containerPortal = 2D08B702248A796A0077194C /* Project object */;
			proxyType = 1;
			remoteGlobalIDString = 2D08B709248A796A0077194C;
			remoteInfo = FizzBuzz;
		};
		2D08B72C248A796C0077194C /* PBXContainerItemProxy */ = {
			isa = PBXContainerItemProxy;
			containerPortal = 2D08B702248A796A0077194C /* Project object */;
			proxyType = 1;
			remoteGlobalIDString = 2D08B709248A796A0077194C;
			remoteInfo = FizzBuzz;
		};
/* End PBXContainerItemProxy section */

/* Begin PBXFileReference section */
		2D08B70A248A796A0077194C /* FizzBuzz.app */ = {isa = PBXFileReference; explicitFileType = wrapper.application; includeInIndex = 0; path = FizzBuzz.app; sourceTree = BUILT_PRODUCTS_DIR; };
		2D08B70D248A796A0077194C /* AppDelegate.swift */ = {isa = PBXFileReference; lastKnownFileType = sourcecode.swift; path = AppDelegate.swift; sourceTree = "<group>"; };
		2D08B70F248A796A0077194C /* SceneDelegate.swift */ = {isa = PBXFileReference; lastKnownFileType = sourcecode.swift; path = SceneDelegate.swift; sourceTree = "<group>"; };
		2D08B711248A796A0077194C /* ViewController.swift */ = {isa = PBXFileReference; lastKnownFileType = sourcecode.swift; path = ViewController.swift; sourceTree = "<group>"; };
		2D08B714248A796A0077194C /* Base */ = {isa = PBXFileReference; lastKnownFileType = file.storyboard; name = Base; path = Base.lproj/Main.storyboard; sourceTree = "<group>"; };
		2D08B716248A796C0077194C /* Assets.xcassets */ = {isa = PBXFileReference; lastKnownFileType = folder.assetcatalog; path = Assets.xcassets; sourceTree = "<group>"; };
		2D08B719248A796C0077194C /* Base */ = {isa = PBXFileReference; lastKnownFileType = file.storyboard; name = Base; path = Base.lproj/LaunchScreen.storyboard; sourceTree = "<group>"; };
		2D08B71B248A796C0077194C /* Info.plist */ = {isa = PBXFileReference; lastKnownFileType = text.plist.xml; path = Info.plist; sourceTree = "<group>"; };
		2D08B720248A796C0077194C /* FizzBuzzTests.xctest */ = {isa = PBXFileReference; explicitFileType = wrapper.cfbundle; includeInIndex = 0; path = FizzBuzzTests.xctest; sourceTree = BUILT_PRODUCTS_DIR; };
		2D08B726248A796C0077194C /* Info.plist */ = {isa = PBXFileReference; lastKnownFileType = text.plist.xml; path = Info.plist; sourceTree = "<group>"; };
		2D08B72B248A796C0077194C /* FizzBuzzUITests.xctest */ = {isa = PBXFileReference; explicitFileType = wrapper.cfbundle; includeInIndex = 0; path = FizzBuzzUITests.xctest; sourceTree = BUILT_PRODUCTS_DIR; };
		2D08B72F248A796C0077194C /* FizzBuzzUITests.swift */ = {isa = PBXFileReference; lastKnownFileType = sourcecode.swift; path = FizzBuzzUITests.swift; sourceTree = "<group>"; };
		2D08B731248A796C0077194C /* Info.plist */ = {isa = PBXFileReference; lastKnownFileType = text.plist.xml; path = Info.plist; sourceTree = "<group>"; };
		2D08B73D248A79D70077194C /* BrainTests.swift */ = {isa = PBXFileReference; lastKnownFileType = sourcecode.swift; path = BrainTests.swift; sourceTree = "<group>"; };
		2D08B73F248A7A270077194C /* Brain.swift */ = {isa = PBXFileReference; lastKnownFileType = sourcecode.swift; path = Brain.swift; sourceTree = "<group>"; };
		2D08B741248A7D6D0077194C /* Game.swift */ = {isa = PBXFileReference; lastKnownFileType = sourcecode.swift; path = Game.swift; sourceTree = "<group>"; };
		2D08B743248A7D7F0077194C /* GameTests.swift */ = {isa = PBXFileReference; lastKnownFileType = sourcecode.swift; path = GameTests.swift; sourceTree = "<group>"; };
/* End PBXFileReference section */

/* Begin PBXFrameworksBuildPhase section */
		2D08B707248A796A0077194C /* Frameworks */ = {
			isa = PBXFrameworksBuildPhase;
			buildActionMask = 2147483647;
			files = (
			);
			runOnlyForDeploymentPostprocessing = 0;
		};
		2D08B71D248A796C0077194C /* Frameworks */ = {
			isa = PBXFrameworksBuildPhase;
			buildActionMask = 2147483647;
			files = (
			);
			runOnlyForDeploymentPostprocessing = 0;
		};
		2D08B728248A796C0077194C /* Frameworks */ = {
			isa = PBXFrameworksBuildPhase;
			buildActionMask = 2147483647;
			files = (
			);
			runOnlyForDeploymentPostprocessing = 0;
		};
/* End PBXFrameworksBuildPhase section */

/* Begin PBXGroup section */
		2D08B701248A796A0077194C = {
			isa = PBXGroup;
			children = (
				2D08B70C248A796A0077194C /* FizzBuzz */,
				2D08B723248A796C0077194C /* FizzBuzzTests */,
				2D08B72E248A796C0077194C /* FizzBuzzUITests */,
				2D08B70B248A796A0077194C /* Products */,
			);
			sourceTree = "<group>";
		};
		2D08B70B248A796A0077194C /* Products */ = {
			isa = PBXGroup;
			children = (
				2D08B70A248A796A0077194C /* FizzBuzz.app */,
				2D08B720248A796C0077194C /* FizzBuzzTests.xctest */,
				2D08B72B248A796C0077194C /* FizzBuzzUITests.xctest */,
			);
			name = Products;
			sourceTree = "<group>";
		};
		2D08B70C248A796A0077194C /* FizzBuzz */ = {
			isa = PBXGroup;
			children = (
				2D08B70D248A796A0077194C /* AppDelegate.swift */,
				2D08B73F248A7A270077194C /* Brain.swift */,
				2D08B741248A7D6D0077194C /* Game.swift */,
				2D08B70F248A796A0077194C /* SceneDelegate.swift */,
				2D08B711248A796A0077194C /* ViewController.swift */,
				2D08B713248A796A0077194C /* Main.storyboard */,
				2D08B716248A796C0077194C /* Assets.xcassets */,
				2D08B718248A796C0077194C /* LaunchScreen.storyboard */,
				2D08B71B248A796C0077194C /* Info.plist */,
			);
			path = FizzBuzz;
			sourceTree = "<group>";
		};
		2D08B723248A796C0077194C /* FizzBuzzTests */ = {
			isa = PBXGroup;
			children = (
				2D08B726248A796C0077194C /* Info.plist */,
				2D08B73D248A79D70077194C /* BrainTests.swift */,
				2D08B743248A7D7F0077194C /* GameTests.swift */,
			);
			path = FizzBuzzTests;
			sourceTree = "<group>";
		};
		2D08B72E248A796C0077194C /* FizzBuzzUITests */ = {
			isa = PBXGroup;
			children = (
				2D08B72F248A796C0077194C /* FizzBuzzUITests.swift */,
				2D08B731248A796C0077194C /* Info.plist */,
			);
			path = FizzBuzzUITests;
			sourceTree = "<group>";
		};
/* End PBXGroup section */

/* Begin PBXNativeTarget section */
		2D08B709248A796A0077194C /* FizzBuzz */ = {
			isa = PBXNativeTarget;
			buildConfigurationList = 2D08B734248A796C0077194C /* Build configuration list for PBXNativeTarget "FizzBuzz" */;
			buildPhases = (
				2D08B706248A796A0077194C /* Sources */,
				2D08B707248A796A0077194C /* Frameworks */,
				2D08B708248A796A0077194C /* Resources */,
			);
			buildRules = (
			);
			dependencies = (
			);
			name = FizzBuzz;
			productName = FizzBuzz;
			productReference = 2D08B70A248A796A0077194C /* FizzBuzz.app */;
			productType = "com.apple.product-type.application";
		};
		2D08B71F248A796C0077194C /* FizzBuzzTests */ = {
			isa = PBXNativeTarget;
			buildConfigurationList = 2D08B737248A796C0077194C /* Build configuration list for PBXNativeTarget "FizzBuzzTests" */;
			buildPhases = (
				2D08B71C248A796C0077194C /* Sources */,
				2D08B71D248A796C0077194C /* Frameworks */,
				2D08B71E248A796C0077194C /* Resources */,
			);
			buildRules = (
			);
			dependencies = (
				2D08B722248A796C0077194C /* PBXTargetDependency */,
			);
			name = FizzBuzzTests;
			productName = FizzBuzzTests;
			productReference = 2D08B720248A796C0077194C /* FizzBuzzTests.xctest */;
			productType = "com.apple.product-type.bundle.unit-test";
		};
		2D08B72A248A796C0077194C /* FizzBuzzUITests */ = {
			isa = PBXNativeTarget;
			buildConfigurationList = 2D08B73A248A796C0077194C /* Build configuration list for PBXNativeTarget "FizzBuzzUITests" */;
			buildPhases = (
				2D08B727248A796C0077194C /* Sources */,
				2D08B728248A796C0077194C /* Frameworks */,
				2D08B729248A796C0077194C /* Resources */,
			);
			buildRules = (
			);
			dependencies = (
				2D08B72D248A796C0077194C /* PBXTargetDependency */,
			);
			name = FizzBuzzUITests;
			productName = FizzBuzzUITests;
			productReference = 2D08B72B248A796C0077194C /* FizzBuzzUITests.xctest */;
			productType = "com.apple.product-type.bundle.ui-testing";
		};
/* End PBXNativeTarget section */

/* Begin PBXProject section */
		2D08B702248A796A0077194C /* Project object */ = {
			isa = PBXProject;
			attributes = {
				LastSwiftUpdateCheck = 1150;
				LastUpgradeCheck = 1150;
				ORGANIZATIONNAME = "Andrew Marmion";
				TargetAttributes = {
					2D08B709248A796A0077194C = {
						CreatedOnToolsVersion = 11.5;
					};
					2D08B71F248A796C0077194C = {
						CreatedOnToolsVersion = 11.5;
						LastSwiftMigration = 1150;
						TestTargetID = 2D08B709248A796A0077194C;
					};
					2D08B72A248A796C0077194C = {
						CreatedOnToolsVersion = 11.5;
						TestTargetID = 2D08B709248A796A0077194C;
					};
				};
			};
			buildConfigurationList = 2D08B705248A796A0077194C /* Build configuration list for PBXProject "FizzBuzz" */;
			compatibilityVersion = "Xcode 9.3";
			developmentRegion = en;
			hasScannedForEncodings = 0;
			knownRegions = (
				en,
				Base,
			);
			mainGroup = 2D08B701248A796A0077194C;
			productRefGroup = 2D08B70B248A796A0077194C /* Products */;
			projectDirPath = "";
			projectRoot = "";
			targets = (
				2D08B709248A796A0077194C /* FizzBuzz */,
				2D08B71F248A796C0077194C /* FizzBuzzTests */,
				2D08B72A248A796C0077194C /* FizzBuzzUITests */,
			);
		};
/* End PBXProject section */

/* Begin PBXResourcesBuildPhase section */
		2D08B708248A796A0077194C /* Resources */ = {
			isa = PBXResourcesBuildPhase;
			buildActionMask = 2147483647;
			files = (
				2D08B71A248A796C0077194C /* LaunchScreen.storyboard in Resources */,
				2D08B717248A796C0077194C /* Assets.xcassets in Resources */,
				2D08B715248A796A0077194C /* Main.storyboard in Resources */,
			);
			runOnlyForDeploymentPostprocessing = 0;
		};
		2D08B71E248A796C0077194C /* Resources */ = {
			isa = PBXResourcesBuildPhase;
			buildActionMask = 2147483647;
			files = (
			);
			runOnlyForDeploymentPostprocessing = 0;
		};
		2D08B729248A796C0077194C /* Resources */ = {
			isa = PBXResourcesBuildPhase;
			buildActionMask = 2147483647;
			files = (
			);
			runOnlyForDeploymentPostprocessing = 0;
		};
/* End PBXResourcesBuildPhase section */

/* Begin PBXSourcesBuildPhase section */
		2D08B706248A796A0077194C /* Sources */ = {
			isa = PBXSourcesBuildPhase;
			buildActionMask = 2147483647;
			files = (
				2D08B712248A796A0077194C /* ViewController.swift in Sources */,
				2D08B742248A7D6D0077194C /* Game.swift in Sources */,
				2D08B70E248A796A0077194C /* AppDelegate.swift in Sources */,
				2D08B740248A7A270077194C /* Brain.swift in Sources */,
				2D08B710248A796A0077194C /* SceneDelegate.swift in Sources */,
			);
			runOnlyForDeploymentPostprocessing = 0;
		};
		2D08B71C248A796C0077194C /* Sources */ = {
			isa = PBXSourcesBuildPhase;
			buildActionMask = 2147483647;
			files = (
				2D08B73E248A79D70077194C /* BrainTests.swift in Sources */,
				2D08B744248A7D7F0077194C /* GameTests.swift in Sources */,
			);
			runOnlyForDeploymentPostprocessing = 0;
		};
		2D08B727248A796C0077194C /* Sources */ = {
			isa = PBXSourcesBuildPhase;
			buildActionMask = 2147483647;
			files = (
				2D08B730248A796C0077194C /* FizzBuzzUITests.swift in Sources */,
			);
			runOnlyForDeploymentPostprocessing = 0;
		};
/* End PBXSourcesBuildPhase section */

/* Begin PBXTargetDependency section */
		2D08B722248A796C0077194C /* PBXTargetDependency */ = {
			isa = PBXTargetDependency;
			target = 2D08B709248A796A0077194C /* FizzBuzz */;
			targetProxy = 2D08B721248A796C0077194C /* PBXContainerItemProxy */;
		};
		2D08B72D248A796C0077194C /* PBXTargetDependency */ = {
			isa = PBXTargetDependency;
			target = 2D08B709248A796A0077194C /* FizzBuzz */;
			targetProxy = 2D08B72C248A796C0077194C /* PBXContainerItemProxy */;
		};
/* End PBXTargetDependency section */

/* Begin PBXVariantGroup section */
		2D08B713248A796A0077194C /* Main.storyboard */ = {
			isa = PBXVariantGroup;
			children = (
				2D08B714248A796A0077194C /* Base */,
			);
			name = Main.storyboard;
			sourceTree = "<group>";
		};
		2D08B718248A796C0077194C /* LaunchScreen.storyboard */ = {
			isa = PBXVariantGroup;
			children = (
				2D08B719248A796C0077194C /* Base */,
			);
			name = LaunchScreen.storyboard;
			sourceTree = "<group>";
		};
/* End PBXVariantGroup section */

/* Begin XCBuildConfiguration section */
		2D08B732248A796C0077194C /* Debug */ = {
			isa = XCBuildConfiguration;
			buildSettings = {
				ALWAYS_SEARCH_USER_PATHS = NO;
				CLANG_ANALYZER_NONNULL = YES;
				CLANG_ANALYZER_NUMBER_OBJECT_CONVERSION = YES_AGGRESSIVE;
				CLANG_CXX_LANGUAGE_STANDARD = "gnu++14";
				CLANG_CXX_LIBRARY = "libc++";
				CLANG_ENABLE_MODULES = YES;
				CLANG_ENABLE_OBJC_ARC = YES;
				CLANG_ENABLE_OBJC_WEAK = YES;
				CLANG_WARN_BLOCK_CAPTURE_AUTORELEASING = YES;
				CLANG_WARN_BOOL_CONVERSION = YES;
				CLANG_WARN_COMMA = YES;
				CLANG_WARN_CONSTANT_CONVERSION = YES;
				CLANG_WARN_DEPRECATED_OBJC_IMPLEMENTATIONS = YES;
				CLANG_WARN_DIRECT_OBJC_ISA_USAGE = YES_ERROR;
				CLANG_WARN_DOCUMENTATION_COMMENTS = YES;
				CLANG_WARN_EMPTY_BODY = YES;
				CLANG_WARN_ENUM_CONVERSION = YES;
				CLANG_WARN_INFINITE_RECURSION = YES;
				CLANG_WARN_INT_CONVERSION = YES;
				CLANG_WARN_NON_LITERAL_NULL_CONVERSION = YES;
				CLANG_WARN_OBJC_IMPLICIT_RETAIN_SELF = YES;
				CLANG_WARN_OBJC_LITERAL_CONVERSION = YES;
				CLANG_WARN_OBJC_ROOT_CLASS = YES_ERROR;
				CLANG_WARN_RANGE_LOOP_ANALYSIS = YES;
				CLANG_WARN_STRICT_PROTOTYPES = YES;
				CLANG_WARN_SUSPICIOUS_MOVE = YES;
				CLANG_WARN_UNGUARDED_AVAILABILITY = YES_AGGRESSIVE;
				CLANG_WARN_UNREACHABLE_CODE = YES;
				CLANG_WARN__DUPLICATE_METHOD_MATCH = YES;
				COPY_PHASE_STRIP = NO;
				DEBUG_INFORMATION_FORMAT = dwarf;
				ENABLE_STRICT_OBJC_MSGSEND = YES;
				ENABLE_TESTABILITY = YES;
				GCC_C_LANGUAGE_STANDARD = gnu11;
				GCC_DYNAMIC_NO_PIC = NO;
				GCC_NO_COMMON_BLOCKS = YES;
				GCC_OPTIMIZATION_LEVEL = 0;
				GCC_PREPROCESSOR_DEFINITIONS = (
					"DEBUG=1",
					"$(inherited)",
				);
				GCC_WARN_64_TO_32_BIT_CONVERSION = YES;
				GCC_WARN_ABOUT_RETURN_TYPE = YES_ERROR;
				GCC_WARN_UNDECLARED_SELECTOR = YES;
				GCC_WARN_UNINITIALIZED_AUTOS = YES_AGGRESSIVE;
				GCC_WARN_UNUSED_FUNCTION = YES;
				GCC_WARN_UNUSED_VARIABLE = YES;
				IPHONEOS_DEPLOYMENT_TARGET = 13.5;
				MTL_ENABLE_DEBUG_INFO = INCLUDE_SOURCE;
				MTL_FAST_MATH = YES;
				ONLY_ACTIVE_ARCH = YES;
				SDKROOT = iphoneos;
				SWIFT_ACTIVE_COMPILATION_CONDITIONS = DEBUG;
				SWIFT_OPTIMIZATION_LEVEL = "-Onone";
			};
			name = Debug;
		};
		2D08B733248A796C0077194C /* Release */ = {
			isa = XCBuildConfiguration;
			buildSettings = {
				ALWAYS_SEARCH_USER_PATHS = NO;
				CLANG_ANALYZER_NONNULL = YES;
				CLANG_ANALYZER_NUMBER_OBJECT_CONVERSION = YES_AGGRESSIVE;
				CLANG_CXX_LANGUAGE_STANDARD = "gnu++14";
				CLANG_CXX_LIBRARY = "libc++";
				CLANG_ENABLE_MODULES = YES;
				CLANG_ENABLE_OBJC_ARC = YES;
				CLANG_ENABLE_OBJC_WEAK = YES;
				CLANG_WARN_BLOCK_CAPTURE_AUTORELEASING = YES;
				CLANG_WARN_BOOL_CONVERSION = YES;
				CLANG_WARN_COMMA = YES;
				CLANG_WARN_CONSTANT_CONVERSION = YES;
				CLANG_WARN_DEPRECATED_OBJC_IMPLEMENTATIONS = YES;
				CLANG_WARN_DIRECT_OBJC_ISA_USAGE = YES_ERROR;
				CLANG_WARN_DOCUMENTATION_COMMENTS = YES;
				CLANG_WARN_EMPTY_BODY = YES;
				CLANG_WARN_ENUM_CONVERSION = YES;
				CLANG_WARN_INFINITE_RECURSION = YES;
				CLANG_WARN_INT_CONVERSION = YES;
				CLANG_WARN_NON_LITERAL_NULL_CONVERSION = YES;
				CLANG_WARN_OBJC_IMPLICIT_RETAIN_SELF = YES;
				CLANG_WARN_OBJC_LITERAL_CONVERSION = YES;
				CLANG_WARN_OBJC_ROOT_CLASS = YES_ERROR;
				CLANG_WARN_RANGE_LOOP_ANALYSIS = YES;
				CLANG_WARN_STRICT_PROTOTYPES = YES;
				CLANG_WARN_SUSPICIOUS_MOVE = YES;
				CLANG_WARN_UNGUARDED_AVAILABILITY = YES_AGGRESSIVE;
				CLANG_WARN_UNREACHABLE_CODE = YES;
				CLANG_WARN__DUPLICATE_METHOD_MATCH = YES;
				COPY_PHASE_STRIP = NO;
				DEBUG_INFORMATION_FORMAT = "dwarf-with-dsym";
				ENABLE_NS_ASSERTIONS = NO;
				ENABLE_STRICT_OBJC_MSGSEND = YES;
				GCC_C_LANGUAGE_STANDARD = gnu11;
				GCC_NO_COMMON_BLOCKS = YES;
				GCC_WARN_64_TO_32_BIT_CONVERSION = YES;
				GCC_WARN_ABOUT_RETURN_TYPE = YES_ERROR;
				GCC_WARN_UNDECLARED_SELECTOR = YES;
				GCC_WARN_UNINITIALIZED_AUTOS = YES_AGGRESSIVE;
				GCC_WARN_UNUSED_FUNCTION = YES;
				GCC_WARN_UNUSED_VARIABLE = YES;
				IPHONEOS_DEPLOYMENT_TARGET = 13.5;
				MTL_ENABLE_DEBUG_INFO = NO;
				MTL_FAST_MATH = YES;
				SDKROOT = iphoneos;
				SWIFT_COMPILATION_MODE = wholemodule;
				SWIFT_OPTIMIZATION_LEVEL = "-O";
				VALIDATE_PRODUCT = YES;
			};
			name = Release;
		};
		2D08B735248A796C0077194C /* Debug */ = {
			isa = XCBuildConfiguration;
			buildSettings = {
				ASSETCATALOG_COMPILER_APPICON_NAME = AppIcon;
				CODE_SIGN_STYLE = Automatic;
				DEVELOPMENT_TEAM = 6748NP3BTA;
				INFOPLIST_FILE = FizzBuzz/Info.plist;
				LD_RUNPATH_SEARCH_PATHS = (
					"$(inherited)",
					"@executable_path/Frameworks",
				);
				PRODUCT_BUNDLE_IDENTIFIER = com.jumpsaildive.test.FizzBuzz;
				PRODUCT_NAME = "$(TARGET_NAME)";
				SWIFT_VERSION = 5.0;
				TARGETED_DEVICE_FAMILY = "1,2";
			};
			name = Debug;
		};
		2D08B736248A796C0077194C /* Release */ = {
			isa = XCBuildConfiguration;
			buildSettings = {
				ASSETCATALOG_COMPILER_APPICON_NAME = AppIcon;
				CODE_SIGN_STYLE = Automatic;
				DEVELOPMENT_TEAM = 6748NP3BTA;
				INFOPLIST_FILE = FizzBuzz/Info.plist;
				LD_RUNPATH_SEARCH_PATHS = (
					"$(inherited)",
					"@executable_path/Frameworks",
				);
				PRODUCT_BUNDLE_IDENTIFIER = com.jumpsaildive.test.FizzBuzz;
				PRODUCT_NAME = "$(TARGET_NAME)";
				SWIFT_VERSION = 5.0;
				TARGETED_DEVICE_FAMILY = "1,2";
			};
			name = Release;
		};
		2D08B738248A796C0077194C /* Debug */ = {
			isa = XCBuildConfiguration;
			buildSettings = {
				ALWAYS_EMBED_SWIFT_STANDARD_LIBRARIES = YES;
				BUNDLE_LOADER = "$(TEST_HOST)";
				CLANG_ENABLE_MODULES = YES;
				CODE_SIGN_STYLE = Automatic;
				DEVELOPMENT_TEAM = 6748NP3BTA;
				INFOPLIST_FILE = FizzBuzzTests/Info.plist;
				IPHONEOS_DEPLOYMENT_TARGET = 13.5;
				LD_RUNPATH_SEARCH_PATHS = (
					"$(inherited)",
					"@executable_path/Frameworks",
					"@loader_path/Frameworks",
				);
				PRODUCT_BUNDLE_IDENTIFIER = com.jumpsaildive.test.FizzBuzzTests;
				PRODUCT_NAME = "$(TARGET_NAME)";
				SWIFT_OPTIMIZATION_LEVEL = "-Onone";
				SWIFT_VERSION = 5.0;
				TARGETED_DEVICE_FAMILY = "1,2";
				TEST_HOST = "$(BUILT_PRODUCTS_DIR)/FizzBuzz.app/FizzBuzz";
			};
			name = Debug;
		};
		2D08B739248A796C0077194C /* Release */ = {
			isa = XCBuildConfiguration;
			buildSettings = {
				ALWAYS_EMBED_SWIFT_STANDARD_LIBRARIES = YES;
				BUNDLE_LOADER = "$(TEST_HOST)";
				CLANG_ENABLE_MODULES = YES;
				CODE_SIGN_STYLE = Automatic;
				DEVELOPMENT_TEAM = 6748NP3BTA;
				INFOPLIST_FILE = FizzBuzzTests/Info.plist;
				IPHONEOS_DEPLOYMENT_TARGET = 13.5;
				LD_RUNPATH_SEARCH_PATHS = (
					"$(inherited)",
					"@executable_path/Frameworks",
					"@loader_path/Frameworks",
				);
				PRODUCT_BUNDLE_IDENTIFIER = com.jumpsaildive.test.FizzBuzzTests;
				PRODUCT_NAME = "$(TARGET_NAME)";
				SWIFT_VERSION = 5.0;
				TARGETED_DEVICE_FAMILY = "1,2";
				TEST_HOST = "$(BUILT_PRODUCTS_DIR)/FizzBuzz.app/FizzBuzz";
			};
			name = Release;
		};
		2D08B73B248A796C0077194C /* Debug */ = {
			isa = XCBuildConfiguration;
			buildSettings = {
				ALWAYS_EMBED_SWIFT_STANDARD_LIBRARIES = YES;
				CODE_SIGN_STYLE = Automatic;
				DEVELOPMENT_TEAM = 6748NP3BTA;
				INFOPLIST_FILE = FizzBuzzUITests/Info.plist;
				LD_RUNPATH_SEARCH_PATHS = (
					"$(inherited)",
					"@executable_path/Frameworks",
					"@loader_path/Frameworks",
				);
				PRODUCT_BUNDLE_IDENTIFIER = com.jumpsaildive.test.FizzBuzzUITests;
				PRODUCT_NAME = "$(TARGET_NAME)";
				SWIFT_VERSION = 5.0;
				TARGETED_DEVICE_FAMILY = "1,2";
				TEST_TARGET_NAME = FizzBuzz;
			};
			name = Debug;
		};
		2D08B73C248A796C0077194C /* Release */ = {
			isa = XCBuildConfiguration;
			buildSettings = {
				ALWAYS_EMBED_SWIFT_STANDARD_LIBRARIES = YES;
				CODE_SIGN_STYLE = Automatic;
				DEVELOPMENT_TEAM = 6748NP3BTA;
				INFOPLIST_FILE = FizzBuzzUITests/Info.plist;
				LD_RUNPATH_SEARCH_PATHS = (
					"$(inherited)",
					"@executable_path/Frameworks",
					"@loader_path/Frameworks",
				);
				PRODUCT_BUNDLE_IDENTIFIER = com.jumpsaildive.test.FizzBuzzUITests;
				PRODUCT_NAME = "$(TARGET_NAME)";
				SWIFT_VERSION = 5.0;
				TARGETED_DEVICE_FAMILY = "1,2";
				TEST_TARGET_NAME = FizzBuzz;
			};
			name = Release;
		};
/* End XCBuildConfiguration section */

/* Begin XCConfigurationList section */
		2D08B705248A796A0077194C /* Build configuration list for PBXProject "FizzBuzz" */ = {
			isa = XCConfigurationList;
			buildConfigurations = (
				2D08B732248A796C0077194C /* Debug */,
				2D08B733248A796C0077194C /* Release */,
			);
			defaultConfigurationIsVisible = 0;
			defaultConfigurationName = Release;
		};
		2D08B734248A796C0077194C /* Build configuration list for PBXNativeTarget "FizzBuzz" */ = {
			isa = XCConfigurationList;
			buildConfigurations = (
				2D08B735248A796C0077194C /* Debug */,
				2D08B736248A796C0077194C /* Release */,
			);
			defaultConfigurationIsVisible = 0;
			defaultConfigurationName = Release;
		};
		2D08B737248A796C0077194C /* Build configuration list for PBXNativeTarget "FizzBuzzTests" */ = {
			isa = XCConfigurationList;
			buildConfigurations = (
				2D08B738248A796C0077194C /* Debug */,
				2D08B739248A796C0077194C /* Release */,
			);
			defaultConfigurationIsVisible = 0;
			defaultConfigurationName = Release;
		};
		2D08B73A248A796C0077194C /* Build configuration list for PBXNativeTarget "FizzBuzzUITests" */ = {
			isa = XCConfigurationList;
			buildConfigurations = (
				2D08B73B248A796C0077194C /* Debug */,
				2D08B73C248A796C0077194C /* Release */,
			);
			defaultConfigurationIsVisible = 0;
			defaultConfigurationName = Release;
		};
/* End XCConfigurationList section */
	};
	rootObject = 2D08B702248A796A0077194C /* Project object */;
}
